
Microsoft Visual Studio Solution File, Format Version 12.00
# Visual Studio Version 17
VisualStudioVersion = 17.8.34309.116
MinimumVisualStudioVersion = 10.0.40219.1
Project("{9A19103F-16F7-4668-BE54-9A1E7A4F7556}") = "InsightOrchestrator", "InsightOrchestrator\InsightOrchestrator.csproj", "{028CC679-3E60-4D58-ACDC-C6F1B484E01A}"
EndProject
Project("{9A19103F-16F7-4668-BE54-9A1E7A4F7556}") = "InsightDataQueryAPI", "InsightDataQueryAPI\InsightDataQueryAPI.csproj", "{96A029C1-940F-4A95-81A1-9022D4D5E49F}"
EndProject
Global
	GlobalSection(SolutionConfigurationPlatforms) = preSolution
		Debug|Any CPU = Debug|Any CPU
		Release|Any CPU = Release|Any CPU
	EndGlobalSection
	GlobalSection(ProjectConfigurationPlatforms) = postSolution
		{028CC679-3E60-4D58-ACDC-C6F1B484E01A}.Debug|Any CPU.ActiveCfg = Debug|Any CPU
		{028CC679-3E60-4D58-ACDC-C6F1B484E01A}.Debug|Any CPU.Build.0 = Debug|Any CPU
		{028CC679-3E60-4D58-ACDC-C6F1B484E01A}.Release|Any CPU.ActiveCfg = Release|Any CPU
		{028CC679-3E60-4D58-ACDC-C6F1B484E01A}.Release|Any CPU.Build.0 = Release|Any CPU
		{96A029C1-940F-4A95-81A1-9022D4D5E49F}.Debug|Any CPU.ActiveCfg = Debug|Any CPU
		{96A029C1-940F-4A95-81A1-9022D4D5E49F}.Debug|Any CPU.Build.0 = Debug|Any CPU
		{96A029C1-940F-4A95-81A1-9022D4D5E49F}.Release|Any CPU.ActiveCfg = Release|Any CPU
		{96A029C1-940F-4A95-81A1-9022D4D5E49F}.Release|Any CPU.Build.0 = Release|Any CPU
	EndGlobalSection
	GlobalSection(SolutionProperties) = preSolution
		HideSolutionNode = FALSE
	EndGlobalSection
	GlobalSection(ExtensibilityGlobals) = postSolution
		SolutionGuid = {E3C05905-8F9E-4A16-BB04-1B23F36718D0}
	EndGlobalSection
EndGlobal
